
Microsoft Visual Studio Solution File, Format Version 12.00
# Visual Studio Version 17
VisualStudioVersion = 17.4.33122.133
MinimumVisualStudioVersion = 10.0.40219.1
Project("{9A19103F-16F7-4668-BE54-9A1E7A4F7556}") = "ChooseYourOwnAdventure", "ChooseYourOwnAdventure\ChooseYourOwnAdventure.csproj", "{A6564BE5-ABDA-4593-9FA0-B6D08EE42D4F}"
EndProject
Project("{9A19103F-16F7-4668-BE54-9A1E7A4F7556}") = "HauntedHouse", "HauntedHouse\HauntedHouse\HauntedHouse.csproj", "{10169D46-EEB0-46CB-A295-5A016279CF4F}"
EndProject
Global
	GlobalSection(SolutionConfigurationPlatforms) = preSolution
		Debug|Any CPU = Debug|Any CPU
		Release|Any CPU = Release|Any CPU
	EndGlobalSection
	GlobalSection(ProjectConfigurationPlatforms) = postSolution
		{A6564BE5-ABDA-4593-9FA0-B6D08EE42D4F}.Debug|Any CPU.ActiveCfg = Debug|Any CPU
		{A6564BE5-ABDA-4593-9FA0-B6D08EE42D4F}.Debug|Any CPU.Build.0 = Debug|Any CPU
		{A6564BE5-ABDA-4593-9FA0-B6D08EE42D4F}.Release|Any CPU.ActiveCfg = Release|Any CPU
		{A6564BE5-ABDA-4593-9FA0-B6D08EE42D4F}.Release|Any CPU.Build.0 = Release|Any CPU
		{10169D46-EEB0-46CB-A295-5A016279CF4F}.Debug|Any CPU.ActiveCfg = Debug|Any CPU
		{10169D46-EEB0-46CB-A295-5A016279CF4F}.Debug|Any CPU.Build.0 = Debug|Any CPU
		{10169D46-EEB0-46CB-A295-5A016279CF4F}.Release|Any CPU.ActiveCfg = Release|Any CPU
		{10169D46-EEB0-46CB-A295-5A016279CF4F}.Release|Any CPU.Build.0 = Release|Any CPU
	EndGlobalSection
	GlobalSection(SolutionProperties) = preSolution
		HideSolutionNode = FALSE
	EndGlobalSection
	GlobalSection(ExtensibilityGlobals) = postSolution
		SolutionGuid = {7A1A7757-F7CA-4901-AD62-F96283D1DBD9}
	EndGlobalSection
EndGlobal
